{
  "requires": true,
  "lockfileVersion": 1,
  "dependencies": {
    "@expo/vector-icons": {
      "version": "10.2.1",
      "resolved": "https://registry.npmjs.org/@expo/vector-icons/-/vector-icons-10.2.1.tgz",
      "integrity": "sha512-clYQZFLeU2y23n03hXg18EEsZS5c73sJJnfderztfSAqkUXkfUtv07fwuprYwbHIvgFkw6L7R6xJOCVYtS85iQ==",
      "requires": {
        "lodash": "^4.17.4"
      }
    },
    "lodash": {
      "version": "4.17.20",
      "resolved": "https://registry.npmjs.org/lodash/-/lodash-4.17.20.tgz",
      "integrity": "sha512-PlhdFcillOINfeV7Ni6oF1TAEayyZBoZ8bcshTHqOYJYlrqzRK5hagpagky5o4HfCzzd1TRkXPMFq6cKk9rGmA=="
    }
  }
}
